
Microsoft Visual Studio Solution File, Format Version 12.00
# Visual Studio 15
VisualStudioVersion = 15.0.27130.2010
MinimumVisualStudioVersion = 10.0.40219.1
Project("{FAE04EC0-301F-11D3-BF4B-00C04F79EFBC}") = "identity", "identity\identity.csproj", "{AE212C3F-6ED3-4496-99C2-B5D428F33403}"
EndProject
Global
	GlobalSection(SolutionConfigurationPlatforms) = preSolution
		Debug|Any CPU = Debug|Any CPU
		Release|Any CPU = Release|Any CPU
	EndGlobalSection
	GlobalSection(ProjectConfigurationPlatforms) = postSolution
		{AE212C3F-6ED3-4496-99C2-B5D428F33403}.Debug|Any CPU.ActiveCfg = Debug|Any CPU
		{AE212C3F-6ED3-4496-99C2-B5D428F33403}.Debug|Any CPU.Build.0 = Debug|Any CPU
		{AE212C3F-6ED3-4496-99C2-B5D428F33403}.Release|Any CPU.ActiveCfg = Release|Any CPU
		{AE212C3F-6ED3-4496-99C2-B5D428F33403}.Release|Any CPU.Build.0 = Release|Any CPU
	EndGlobalSection
	GlobalSection(SolutionProperties) = preSolution
		HideSolutionNode = FALSE
	EndGlobalSection
	GlobalSection(ExtensibilityGlobals) = postSolution
		SolutionGuid = {3917FEBB-4500-4A6A-844F-DAD2BB74FE80}
	EndGlobalSection
EndGlobal
